
Microsoft Visual Studio Solution File, Format Version 12.00
# Visual Studio Version 17
VisualStudioVersion = 17.11.35327.3
MinimumVisualStudioVersion = 10.0.40219.1
Project("{FAE04EC0-301F-11D3-BF4B-00C04F79EFBC}") = "SkolyNome.MaintenanceSystem", "SkolyNome.MaintenanceSystem\SkolyNome.MaintenanceSystem.csproj", "{7BDEDD87-C1B4-4B2E-86B1-5968A7E8BC2D}"
EndProject
Project("{FAE04EC0-301F-11D3-BF4B-00C04F79EFBC}") = "TestConsole", "TestConsole\TestConsole.csproj", "{E4EC3A59-1D3B-4CE1-AE44-E9CBB7DF4D47}"
EndProject
Global
	GlobalSection(SolutionConfigurationPlatforms) = preSolution
		Debug|Any CPU = Debug|Any CPU
		Release|Any CPU = Release|Any CPU
	EndGlobalSection
	GlobalSection(ProjectConfigurationPlatforms) = postSolution
		{7BDEDD87-C1B4-4B2E-86B1-5968A7E8BC2D}.Debug|Any CPU.ActiveCfg = Debug|Any CPU
		{7BDEDD87-C1B4-4B2E-86B1-5968A7E8BC2D}.Debug|Any CPU.Build.0 = Debug|Any CPU
		{7BDEDD87-C1B4-4B2E-86B1-5968A7E8BC2D}.Release|Any CPU.ActiveCfg = Release|Any CPU
		{7BDEDD87-C1B4-4B2E-86B1-5968A7E8BC2D}.Release|Any CPU.Build.0 = Release|Any CPU
		{E4EC3A59-1D3B-4CE1-AE44-E9CBB7DF4D47}.Debug|Any CPU.ActiveCfg = Debug|Any CPU
		{E4EC3A59-1D3B-4CE1-AE44-E9CBB7DF4D47}.Debug|Any CPU.Build.0 = Debug|Any CPU
		{E4EC3A59-1D3B-4CE1-AE44-E9CBB7DF4D47}.Release|Any CPU.ActiveCfg = Release|Any CPU
		{E4EC3A59-1D3B-4CE1-AE44-E9CBB7DF4D47}.Release|Any CPU.Build.0 = Release|Any CPU
	EndGlobalSection
	GlobalSection(SolutionProperties) = preSolution
		HideSolutionNode = FALSE
	EndGlobalSection
	GlobalSection(ExtensibilityGlobals) = postSolution
		SolutionGuid = {E9495796-1D1B-4C8E-B0C8-CBCB0F8AEE91}
	EndGlobalSection
EndGlobal
